Microsoft Visual Studio Solution File, Format Version 12.00
# Visual Studio Version 16
VisualStudioVersion = 16.0.28803.352
MinimumVisualStudioVersion = 10.0.40219.1
Project("{2150E333-8FDC-42A3-9474-1A3956D46DE8}") = "CLI", "CLI", "{483AD698-B6FE-4AF8-A8A7-D2A3FBE5E203}"
EndProject
Project("{2150E333-8FDC-42A3-9474-1A3956D46DE8}") = "GLFW", "GLFW", "{D75D5961-EAAF-4264-B000-C40D0217FCCB}"
EndProject
Project("{2150E333-8FDC-42A3-9474-1A3956D46DE8}") = "externals", "externals", "{3945564D-4AEF-4E34-9D6B-1F968E5A5A04}"
EndProject
Project("{8BC9CEB8-8B4A-11D0-8D11-00A0C91BC942}") = "GLFW", "..\externals\GLFW\GLFW-VS2019.vcxproj", "{71AF75A0-52B6-4C1B-8E56-CB31C6741A18}"
EndProject
Project("{8BC9CEB8-8B4A-11D0-8D11-00A0C91BC942}") = "autocenter", "CLI\autocenter\autocenter-VS2019.vcxproj", "{7861C9E5-9105-49CC-A6B1-6A6F7C9B1BA7}"
EndProject
Project("{8BC9CEB8-8B4A-11D0-8D11-00A0C91BC942}") = "autoinit", "CLI\autoinit\autoinit-VS2019.vcxproj", "{B964FCBE-67B3-4DA5-8350-A53B2497052A}"
EndProject
Project("{8BC9CEB8-8B4A-11D0-8D11-00A0C91BC942}") = "encoders", "CLI\encoders\encoders-VS2019.vcxproj", "{394679F6-1E85-4D58-ADB6-7152C330151F}"
EndProject
Project("{8BC9CEB8-8B4A-11D0-8D11-00A0C91BC942}") = "gravity", "CLI\gravity\gravity-VS2019.vcxproj", "{FB1FBB66-385F-4174-B6E0-58E8AEF17731}"
EndProject
Project("{8BC9CEB8-8B4A-11D0-8D11-00A0C91BC942}") = "hold", "CLI\hold\hold-VS2019.vcxproj", "{900D0E96-9720-4575-9EF0-549F8472C9E4}"
EndProject
Project("{8BC9CEB8-8B4A-11D0-8D11-00A0C91BC942}") = "jacobian", "CLI\jacobian\jacobian-VS2019.vcxproj", "{6C92F6DD-D86E-4430-80B8-BABC1FA6EFBF}"
EndProject
Project("{8BC9CEB8-8B4A-11D0-8D11-00A0C91BC942}") = "mirror", "CLI\mirror\mirror-VS2019.vcxproj", "{B30605B6-963E-4CFE-9155-23C1B72210DB}"
EndProject
Project("{8BC9CEB8-8B4A-11D0-8D11-00A0C91BC942}") = "multithread", "CLI\multithread\multithread-VS2019.vcxproj", "{E7529E20-7F63-44CA-A207-3597EDB6F752}"
EndProject
Project("{8BC9CEB8-8B4A-11D0-8D11-00A0C91BC942}") = "robot", "CLI\robot\robot-VS2019.vcxproj", "{60B720C6-7614-4401-86CC-E76059A44F9A}"
EndProject
Project("{8BC9CEB8-8B4A-11D0-8D11-00A0C91BC942}") = "segment", "CLI\segment\segment-VS2019.vcxproj", "{BDFE6B79-FA06-4519-A8FE-A15E20036651}"
EndProject
Project("{8BC9CEB8-8B4A-11D0-8D11-00A0C91BC942}") = "sensor", "CLI\sensor\sensor-VS2019.vcxproj", "{37A58E27-F980-4CAB-868D-D892D16EC40F}"
EndProject
Project("{8BC9CEB8-8B4A-11D0-8D11-00A0C91BC942}") = "constraints", "GLFW\constraints\constraints-VS2019.vcxproj", "{DF223FF1-2329-4769-9CF7-A10E10DFD367}"
	ProjectSection(ProjectDependencies) = postProject
		{71AF75A0-52B6-4C1B-8E56-CB31C6741A18} = {71AF75A0-52B6-4C1B-8E56-CB31C6741A18}
	EndProjectSection
EndProject
Project("{8BC9CEB8-8B4A-11D0-8D11-00A0C91BC942}") = "sphere", "GLFW\sphere\sphere-VS2019.vcxproj", "{FD4C16D8-A63B-4071-9559-DE55F8DC46CD}"
	ProjectSection(ProjectDependencies) = postProject
		{71AF75A0-52B6-4C1B-8E56-CB31C6741A18} = {71AF75A0-52B6-4C1B-8E56-CB31C6741A18}
	EndProjectSection
EndProject
Project("{8BC9CEB8-8B4A-11D0-8D11-00A0C91BC942}") = "teleoperation", "GLFW\teleoperation\teleoperation-VS2019.vcxproj", "{891EEA13-A1C9-4863-B650-859406AA3494}"
	ProjectSection(ProjectDependencies) = postProject
		{71AF75A0-52B6-4C1B-8E56-CB31C6741A18} = {71AF75A0-52B6-4C1B-8E56-CB31C6741A18}
	EndProjectSection
EndProject
Project("{8BC9CEB8-8B4A-11D0-8D11-00A0C91BC942}") = "torques", "GLFW\torques\torques-VS2019.vcxproj", "{410C197C-92D9-4B97-9831-D7205A50AE76}"
	ProjectSection(ProjectDependencies) = postProject
		{71AF75A0-52B6-4C1B-8E56-CB31C6741A18} = {71AF75A0-52B6-4C1B-8E56-CB31C6741A18}
	EndProjectSection
EndProject
Project("{8BC9CEB8-8B4A-11D0-8D11-00A0C91BC942}") = "torus", "GLFW\torus\torus-VS2019.vcxproj", "{D824A488-30A9-4EB1-BB7F-2490CAD54DC6}"
	ProjectSection(ProjectDependencies) = postProject
		{71AF75A0-52B6-4C1B-8E56-CB31C6741A18} = {71AF75A0-52B6-4C1B-8E56-CB31C6741A18}
	EndProjectSection
EndProject
Project("{8BC9CEB8-8B4A-11D0-8D11-00A0C91BC942}") = "transformations", "GLFW\transformations\transformations-VS2019.vcxproj", "{9BB8AEA8-1933-42CC-AB51-D494A90EEE78}"
	ProjectSection(ProjectDependencies) = postProject
		{71AF75A0-52B6-4C1B-8E56-CB31C6741A18} = {71AF75A0-52B6-4C1B-8E56-CB31C6741A18}
	EndProjectSection
EndProject
Project("{2150E333-8FDC-42A3-9474-1A3956D46DE8}") = "examples", "examples", "{8376602E-0C4B-481E-83D5-574B6A2312FF}"
EndProject
Global
	GlobalSection(SolutionConfigurationPlatforms) = preSolution
		Debug|x64 = Debug|x64
		Debug|x86 = Debug|x86
		Release|x64 = Release|x64
		Release|x86 = Release|x86
	EndGlobalSection
	GlobalSection(ProjectConfigurationPlatforms) = postSolution
		{71AF75A0-52B6-4C1B-8E56-CB31C6741A18}.Debug|x64.ActiveCfg = Debug|x64
		{71AF75A0-52B6-4C1B-8E56-CB31C6741A18}.Debug|x64.Build.0 = Debug|x64
		{71AF75A0-52B6-4C1B-8E56-CB31C6741A18}.Debug|x86.ActiveCfg = Debug|Win32
		{71AF75A0-52B6-4C1B-8E56-CB31C6741A18}.Debug|x86.Build.0 = Debug|Win32
		{71AF75A0-52B6-4C1B-8E56-CB31C6741A18}.Release|x64.ActiveCfg = Release|x64
		{71AF75A0-52B6-4C1B-8E56-CB31C6741A18}.Release|x64.Build.0 = Release|x64
		{71AF75A0-52B6-4C1B-8E56-CB31C6741A18}.Release|x86.ActiveCfg = Release|Win32
		{71AF75A0-52B6-4C1B-8E56-CB31C6741A18}.Release|x86.Build.0 = Release|Win32
		{7861C9E5-9105-49CC-A6B1-6A6F7C9B1BA7}.Debug|x64.ActiveCfg = Debug|x64
		{7861C9E5-9105-49CC-A6B1-6A6F7C9B1BA7}.Debug|x64.Build.0 = Debug|x64
		{7861C9E5-9105-49CC-A6B1-6A6F7C9B1BA7}.Debug|x86.ActiveCfg = Debug|Win32
		{7861C9E5-9105-49CC-A6B1-6A6F7C9B1BA7}.Debug|x86.Build.0 = Debug|Win32
		{7861C9E5-9105-49CC-A6B1-6A6F7C9B1BA7}.Release|x64.ActiveCfg = Release|x64
		{7861C9E5-9105-49CC-A6B1-6A6F7C9B1BA7}.Release|x64.Build.0 = Release|x64
		{7861C9E5-9105-49CC-A6B1-6A6F7C9B1BA7}.Release|x86.ActiveCfg = Release|Win32
		{7861C9E5-9105-49CC-A6B1-6A6F7C9B1BA7}.Release|x86.Build.0 = Release|Win32
		{B964FCBE-67B3-4DA5-8350-A53B2497052A}.Debug|x64.ActiveCfg = Debug|x64
		{B964FCBE-67B3-4DA5-8350-A53B2497052A}.Debug|x64.Build.0 = Debug|x64
		{B964FCBE-67B3-4DA5-8350-A53B2497052A}.Debug|x86.ActiveCfg = Debug|Win32
		{B964FCBE-67B3-4DA5-8350-A53B2497052A}.Debug|x86.Build.0 = Debug|Win32
		{B964FCBE-67B3-4DA5-8350-A53B2497052A}.Release|x64.ActiveCfg = Release|x64
		{B964FCBE-67B3-4DA5-8350-A53B2497052A}.Release|x64.Build.0 = Release|x64
		{B964FCBE-67B3-4DA5-8350-A53B2497052A}.Release|x86.ActiveCfg = Release|Win32
		{B964FCBE-67B3-4DA5-8350-A53B2497052A}.Release|x86.Build.0 = Release|Win32
		{394679F6-1E85-4D58-ADB6-7152C330151F}.Debug|x64.ActiveCfg = Debug|x64
		{394679F6-1E85-4D58-ADB6-7152C330151F}.Debug|x64.Build.0 = Debug|x64
		{394679F6-1E85-4D58-ADB6-7152C330151F}.Debug|x86.ActiveCfg = Debug|Win32
		{394679F6-1E85-4D58-ADB6-7152C330151F}.Debug|x86.Build.0 = Debug|Win32
		{394679F6-1E85-4D58-ADB6-7152C330151F}.Release|x64.ActiveCfg = Release|x64
		{394679F6-1E85-4D58-ADB6-7152C330151F}.Release|x64.Build.0 = Release|x64
		{394679F6-1E85-4D58-ADB6-7152C330151F}.Release|x86.ActiveCfg = Release|Win32
		{394679F6-1E85-4D58-ADB6-7152C330151F}.Release|x86.Build.0 = Release|Win32
		{FB1FBB66-385F-4174-B6E0-58E8AEF17731}.Debug|x64.ActiveCfg = Debug|x64
		{FB1FBB66-385F-4174-B6E0-58E8AEF17731}.Debug|x64.Build.0 = Debug|x64
		{FB1FBB66-385F-4174-B6E0-58E8AEF17731}.Debug|x86.ActiveCfg = Debug|Win32
		{FB1FBB66-385F-4174-B6E0-58E8AEF17731}.Debug|x86.Build.0 = Debug|Win32
		{FB1FBB66-385F-4174-B6E0-58E8AEF17731}.Release|x64.ActiveCfg = Release|x64
		{FB1FBB66-385F-4174-B6E0-58E8AEF17731}.Release|x64.Build.0 = Release|x64
		{FB1FBB66-385F-4174-B6E0-58E8AEF17731}.Release|x86.ActiveCfg = Release|Win32
		{FB1FBB66-385F-4174-B6E0-58E8AEF17731}.Release|x86.Build.0 = Release|Win32
		{900D0E96-9720-4575-9EF0-549F8472C9E4}.Debug|x64.ActiveCfg = Debug|x64
		{900D0E96-9720-4575-9EF0-549F8472C9E4}.Debug|x64.Build.0 = Debug|x64
		{900D0E96-9720-4575-9EF0-549F8472C9E4}.Debug|x86.ActiveCfg = Debug|Win32
		{900D0E96-9720-4575-9EF0-549F8472C9E4}.Debug|x86.Build.0 = Debug|Win32
		{900D0E96-9720-4575-9EF0-549F8472C9E4}.Release|x64.ActiveCfg = Release|x64
		{900D0E96-9720-4575-9EF0-549F8472C9E4}.Release|x64.Build.0 = Release|x64
		{900D0E96-9720-4575-9EF0-549F8472C9E4}.Release|x86.ActiveCfg = Release|Win32
		{900D0E96-9720-4575-9EF0-549F8472C9E4}.Release|x86.Build.0 = Release|Win32
		{6C92F6DD-D86E-4430-80B8-BABC1FA6EFBF}.Debug|x64.ActiveCfg = Debug|x64
		{6C92F6DD-D86E-4430-80B8-BABC1FA6EFBF}.Debug|x64.Build.0 = Debug|x64
		{6C92F6DD-D86E-4430-80B8-BABC1FA6EFBF}.Debug|x86.ActiveCfg = Debug|Win32
		{6C92F6DD-D86E-4430-80B8-BABC1FA6EFBF}.Debug|x86.Build.0 = Debug|Win32
		{6C92F6DD-D86E-4430-80B8-BABC1FA6EFBF}.Release|x64.ActiveCfg = Release|x64
		{6C92F6DD-D86E-4430-80B8-BABC1FA6EFBF}.Release|x64.Build.0 = Release|x64
		{6C92F6DD-D86E-4430-80B8-BABC1FA6EFBF}.Release|x86.ActiveCfg = Release|Win32
		{6C92F6DD-D86E-4430-80B8-BABC1FA6EFBF}.Release|x86.Build.0 = Release|Win32
		{B30605B6-963E-4CFE-9155-23C1B72210DB}.Debug|x64.ActiveCfg = Debug|x64
		{B30605B6-963E-4CFE-9155-23C1B72210DB}.Debug|x64.Build.0 = Debug|x64
		{B30605B6-963E-4CFE-9155-23C1B72210DB}.Debug|x86.ActiveCfg = Debug|Win32
		{B30605B6-963E-4CFE-9155-23C1B72210DB}.Debug|x86.Build.0 = Debug|Win32
		{B30605B6-963E-4CFE-9155-23C1B72210DB}.Release|x64.ActiveCfg = Release|x64
		{B30605B6-963E-4CFE-9155-23C1B72210DB}.Release|x64.Build.0 = Release|x64
		{B30605B6-963E-4CFE-9155-23C1B72210DB}.Release|x86.ActiveCfg = Release|Win32
		{B30605B6-963E-4CFE-9155-23C1B72210DB}.Release|x86.Build.0 = Release|Win32
		{E7529E20-7F63-44CA-A207-3597EDB6F752}.Debug|x64.ActiveCfg = Debug|x64
		{E7529E20-7F63-44CA-A207-3597EDB6F752}.Debug|x64.Build.0 = Debug|x64
		{E7529E20-7F63-44CA-A207-3597EDB6F752}.Debug|x86.ActiveCfg = Debug|Win32
		{E7529E20-7F63-44CA-A207-3597EDB6F752}.Debug|x86.Build.0 = Debug|Win32
		{E7529E20-7F63-44CA-A207-3597EDB6F752}.Release|x64.ActiveCfg = Release|x64
		{E7529E20-7F63-44CA-A207-3597EDB6F752}.Release|x64.Build.0 = Release|x64
		{E7529E20-7F63-44CA-A207-3597EDB6F752}.Release|x86.ActiveCfg = Release|Win32
		{E7529E20-7F63-44CA-A207-3597EDB6F752}.Release|x86.Build.0 = Release|Win32
		{60B720C6-7614-4401-86CC-E76059A44F9A}.Debug|x64.ActiveCfg = Debug|x64
		{60B720C6-7614-4401-86CC-E76059A44F9A}.Debug|x64.Build.0 = Debug|x64
		{60B720C6-7614-4401-86CC-E76059A44F9A}.Debug|x86.ActiveCfg = Debug|Win32
		{60B720C6-7614-4401-86CC-E76059A44F9A}.Debug|x86.Build.0 = Debug|Win32
		{60B720C6-7614-4401-86CC-E76059A44F9A}.Release|x64.ActiveCfg = Release|x64
		{60B720C6-7614-4401-86CC-E76059A44F9A}.Release|x64.Build.0 = Release|x64
		{60B720C6-7614-4401-86CC-E76059A44F9A}.Release|x86.ActiveCfg = Release|Win32
		{60B720C6-7614-4401-86CC-E76059A44F9A}.Release|x86.Build.0 = Release|Win32
		{BDFE6B79-FA06-4519-A8FE-A15E20036651}.Debug|x64.ActiveCfg = Debug|x64
		{BDFE6B79-FA06-4519-A8FE-A15E20036651}.Debug|x64.Build.0 = Debug|x64
		{BDFE6B79-FA06-4519-A8FE-A15E20036651}.Debug|x86.ActiveCfg = Debug|Win32
		{BDFE6B79-FA06-4519-A8FE-A15E20036651}.Debug|x86.Build.0 = Debug|Win32
		{BDFE6B79-FA06-4519-A8FE-A15E20036651}.Release|x64.ActiveCfg = Release|x64
		{BDFE6B79-FA06-4519-A8FE-A15E20036651}.Release|x64.Build.0 = Release|x64
		{BDFE6B79-FA06-4519-A8FE-A15E20036651}.Release|x86.ActiveCfg = Release|Win32
		{BDFE6B79-FA06-4519-A8FE-A15E20036651}.Release|x86.Build.0 = Release|Win32
		{37A58E27-F980-4CAB-868D-D892D16EC40F}.Debug|x64.ActiveCfg = Debug|x64
		{37A58E27-F980-4CAB-868D-D892D16EC40F}.Debug|x64.Build.0 = Debug|x64
		{37A58E27-F980-4CAB-868D-D892D16EC40F}.Debug|x86.ActiveCfg = Debug|Win32
		{37A58E27-F980-4CAB-868D-D892D16EC40F}.Debug|x86.Build.0 = Debug|Win32
		{37A58E27-F980-4CAB-868D-D892D16EC40F}.Release|x64.ActiveCfg = Release|x64
		{37A58E27-F980-4CAB-868D-D892D16EC40F}.Release|x64.Build.0 = Release|x64
		{37A58E27-F980-4CAB-868D-D892D16EC40F}.Release|x86.ActiveCfg = Release|Win32
		{37A58E27-F980-4CAB-868D-D892D16EC40F}.Release|x86.Build.0 = Release|Win32
		{DF223FF1-2329-4769-9CF7-A10E10DFD367}.Debug|x64.ActiveCfg = Debug|x64
		{DF223FF1-2329-4769-9CF7-A10E10DFD367}.Debug|x64.Build.0 = Debug|x64
		{DF223FF1-2329-4769-9CF7-A10E10DFD367}.Debug|x86.ActiveCfg = Debug|Win32
		{DF223FF1-2329-4769-9CF7-A10E10DFD367}.Debug|x86.Build.0 = Debug|Win32
		{DF223FF1-2329-4769-9CF7-A10E10DFD367}.Release|x64.ActiveCfg = Release|x64
		{DF223FF1-2329-4769-9CF7-A10E10DFD367}.Release|x64.Build.0 = Release|x64
		{DF223FF1-2329-4769-9CF7-A10E10DFD367}.Release|x86.ActiveCfg = Release|Win32
		{DF223FF1-2329-4769-9CF7-A10E10DFD367}.Release|x86.Build.0 = Release|Win32
		{FD4C16D8-A63B-4071-9559-DE55F8DC46CD}.Debug|x64.ActiveCfg = Debug|x64
		{FD4C16D8-A63B-4071-9559-DE55F8DC46CD}.Debug|x64.Build.0 = Debug|x64
		{FD4C16D8-A63B-4071-9559-DE55F8DC46CD}.Debug|x86.ActiveCfg = Debug|Win32
		{FD4C16D8-A63B-4071-9559-DE55F8DC46CD}.Debug|x86.Build.0 = Debug|Win32
		{FD4C16D8-A63B-4071-9559-DE55F8DC46CD}.Release|x64.ActiveCfg = Release|x64
		{FD4C16D8-A63B-4071-9559-DE55F8DC46CD}.Release|x64.Build.0 = Release|x64
		{FD4C16D8-A63B-4071-9559-DE55F8DC46CD}.Release|x86.ActiveCfg = Release|Win32
		{FD4C16D8-A63B-4071-9559-DE55F8DC46CD}.Release|x86.Build.0 = Release|Win32
		{891EEA13-A1C9-4863-B650-859406AA3494}.Debug|x64.ActiveCfg = Debug|x64
		{891EEA13-A1C9-4863-B650-859406AA3494}.Debug|x64.Build.0 = Debug|x64
		{891EEA13-A1C9-4863-B650-859406AA3494}.Debug|x86.ActiveCfg = Debug|Win32
		{891EEA13-A1C9-4863-B650-859406AA3494}.Debug|x86.Build.0 = Debug|Win32
		{891EEA13-A1C9-4863-B650-859406AA3494}.Release|x64.ActiveCfg = Release|x64
		{891EEA13-A1C9-4863-B650-859406AA3494}.Release|x64.Build.0 = Release|x64
		{891EEA13-A1C9-4863-B650-859406AA3494}.Release|x86.ActiveCfg = Release|Win32
		{891EEA13-A1C9-4863-B650-859406AA3494}.Release|x86.Build.0 = Release|Win32
		{410C197C-92D9-4B97-9831-D7205A50AE76}.Debug|x64.ActiveCfg = Debug|x64
		{410C197C-92D9-4B97-9831-D7205A50AE76}.Debug|x64.Build.0 = Debug|x64
		{410C197C-92D9-4B97-9831-D7205A50AE76}.Debug|x86.ActiveCfg = Debug|Win32
		{410C197C-92D9-4B97-9831-D7205A50AE76}.Debug|x86.Build.0 = Debug|Win32
		{410C197C-92D9-4B97-9831-D7205A50AE76}.Release|x64.ActiveCfg = Release|x64
		{410C197C-92D9-4B97-9831-D7205A50AE76}.Release|x64.Build.0 = Release|x64
		{410C197C-92D9-4B97-9831-D7205A50AE76}.Release|x86.ActiveCfg = Release|Win32
		{410C197C-92D9-4B97-9831-D7205A50AE76}.Release|x86.Build.0 = Release|Win32
		{D824A488-30A9-4EB1-BB7F-2490CAD54DC6}.Debug|x64.ActiveCfg = Debug|x64
		{D824A488-30A9-4EB1-BB7F-2490CAD54DC6}.Debug|x64.Build.0 = Debug|x64
		{D824A488-30A9-4EB1-BB7F-2490CAD54DC6}.Debug|x86.ActiveCfg = Debug|Win32
		{D824A488-30A9-4EB1-BB7F-2490CAD54DC6}.Debug|x86.Build.0 = Debug|Win32
		{D824A488-30A9-4EB1-BB7F-2490CAD54DC6}.Release|x64.ActiveCfg = Release|x64
		{D824A488-30A9-4EB1-BB7F-2490CAD54DC6}.Release|x64.Build.0 = Release|x64
		{D824A488-30A9-4EB1-BB7F-2490CAD54DC6}.Release|x86.ActiveCfg = Release|Win32
		{D824A488-30A9-4EB1-BB7F-2490CAD54DC6}.Release|x86.Build.0 = Release|Win32
		{9BB8AEA8-1933-42CC-AB51-D494A90EEE78}.Debug|x64.ActiveCfg = Debug|x64
		{9BB8AEA8-1933-42CC-AB51-D494A90EEE78}.Debug|x64.Build.0 = Debug|x64
		{9BB8AEA8-1933-42CC-AB51-D494A90EEE78}.Debug|x86.ActiveCfg = Debug|Win32
		{9BB8AEA8-1933-42CC-AB51-D494A90EEE78}.Debug|x86.Build.0 = Debug|Win32
		{9BB8AEA8-1933-42CC-AB51-D494A90EEE78}.Release|x64.ActiveCfg = Release|x64
		{9BB8AEA8-1933-42CC-AB51-D494A90EEE78}.Release|x64.Build.0 = Release|x64
		{9BB8AEA8-1933-42CC-AB51-D494A90EEE78}.Release|x86.ActiveCfg = Release|Win32
		{9BB8AEA8-1933-42CC-AB51-D494A90EEE78}.Release|x86.Build.0 = Release|Win32
	EndGlobalSection
	GlobalSection(SolutionProperties) = preSolution
		HideSolutionNode = FALSE
	EndGlobalSection
	GlobalSection(NestedProjects) = preSolution
		{483AD698-B6FE-4AF8-A8A7-D2A3FBE5E203} = {8376602E-0C4B-481E-83D5-574B6A2312FF}
		{D75D5961-EAAF-4264-B000-C40D0217FCCB} = {8376602E-0C4B-481E-83D5-574B6A2312FF}
		{71AF75A0-52B6-4C1B-8E56-CB31C6741A18} = {3945564D-4AEF-4E34-9D6B-1F968E5A5A04}
		{7861C9E5-9105-49CC-A6B1-6A6F7C9B1BA7} = {483AD698-B6FE-4AF8-A8A7-D2A3FBE5E203}
		{B964FCBE-67B3-4DA5-8350-A53B2497052A} = {483AD698-B6FE-4AF8-A8A7-D2A3FBE5E203}
		{394679F6-1E85-4D58-ADB6-7152C330151F} = {483AD698-B6FE-4AF8-A8A7-D2A3FBE5E203}
		{FB1FBB66-385F-4174-B6E0-58E8AEF17731} = {483AD698-B6FE-4AF8-A8A7-D2A3FBE5E203}
		{900D0E96-9720-4575-9EF0-549F8472C9E4} = {483AD698-B6FE-4AF8-A8A7-D2A3FBE5E203}
		{6C92F6DD-D86E-4430-80B8-BABC1FA6EFBF} = {483AD698-B6FE-4AF8-A8A7-D2A3FBE5E203}
		{B30605B6-963E-4CFE-9155-23C1B72210DB} = {483AD698-B6FE-4AF8-A8A7-D2A3FBE5E203}
		{E7529E20-7F63-44CA-A207-3597EDB6F752} = {483AD698-B6FE-4AF8-A8A7-D2A3FBE5E203}
		{60B720C6-7614-4401-86CC-E76059A44F9A} = {483AD698-B6FE-4AF8-A8A7-D2A3FBE5E203}
		{BDFE6B79-FA06-4519-A8FE-A15E20036651} = {483AD698-B6FE-4AF8-A8A7-D2A3FBE5E203}
		{37A58E27-F980-4CAB-868D-D892D16EC40F} = {483AD698-B6FE-4AF8-A8A7-D2A3FBE5E203}
		{DF223FF1-2329-4769-9CF7-A10E10DFD367} = {D75D5961-EAAF-4264-B000-C40D0217FCCB}
		{FD4C16D8-A63B-4071-9559-DE55F8DC46CD} = {D75D5961-EAAF-4264-B000-C40D0217FCCB}
		{891EEA13-A1C9-4863-B650-859406AA3494} = {D75D5961-EAAF-4264-B000-C40D0217FCCB}
		{410C197C-92D9-4B97-9831-D7205A50AE76} = {D75D5961-EAAF-4264-B000-C40D0217FCCB}
		{D824A488-30A9-4EB1-BB7F-2490CAD54DC6} = {D75D5961-EAAF-4264-B000-C40D0217FCCB}
		{9BB8AEA8-1933-42CC-AB51-D494A90EEE78} = {D75D5961-EAAF-4264-B000-C40D0217FCCB}
	EndGlobalSection
	GlobalSection(ExtensibilityGlobals) = postSolution
		SolutionGuid = {5CB07420-1BB7-4B32-9F52-526299172F77}
	EndGlobalSection
EndGlobal
